
Microsoft Visual Studio Solution File, Format Version 12.00
# Visual Studio 15
VisualStudioVersion = 15.0.26124.0
MinimumVisualStudioVersion = 15.0.26124.0
Project("{FAE04EC0-301F-11D3-BF4B-00C04F79EFBC}") = "phonebookServiceApi", "phonebookServiceApi\phonebookServiceApi.csproj", "{F834AFC5-53C3-4712-9FD0-83F96C156D5A}"
EndProject
Project("{FAE04EC0-301F-11D3-BF4B-00C04F79EFBC}") = "phonebookService.Tests", "phonebookService.Tests\phonebookService.Tests.csproj", "{43C7B7F8-7AAE-4C4B-8609-DC4C54952525}"
EndProject
Global
	GlobalSection(SolutionConfigurationPlatforms) = preSolution
		Debug|Any CPU = Debug|Any CPU
		Debug|x64 = Debug|x64
		Debug|x86 = Debug|x86
		Release|Any CPU = Release|Any CPU
		Release|x64 = Release|x64
		Release|x86 = Release|x86
	EndGlobalSection
	GlobalSection(SolutionProperties) = preSolution
		HideSolutionNode = FALSE
	EndGlobalSection
	GlobalSection(ProjectConfigurationPlatforms) = postSolution
		{F834AFC5-53C3-4712-9FD0-83F96C156D5A}.Debug|Any CPU.ActiveCfg = Debug|Any CPU
		{F834AFC5-53C3-4712-9FD0-83F96C156D5A}.Debug|Any CPU.Build.0 = Debug|Any CPU
		{F834AFC5-53C3-4712-9FD0-83F96C156D5A}.Debug|x64.ActiveCfg = Debug|Any CPU
		{F834AFC5-53C3-4712-9FD0-83F96C156D5A}.Debug|x64.Build.0 = Debug|Any CPU
		{F834AFC5-53C3-4712-9FD0-83F96C156D5A}.Debug|x86.ActiveCfg = Debug|Any CPU
		{F834AFC5-53C3-4712-9FD0-83F96C156D5A}.Debug|x86.Build.0 = Debug|Any CPU
		{F834AFC5-53C3-4712-9FD0-83F96C156D5A}.Release|Any CPU.ActiveCfg = Release|Any CPU
		{F834AFC5-53C3-4712-9FD0-83F96C156D5A}.Release|Any CPU.Build.0 = Release|Any CPU
		{F834AFC5-53C3-4712-9FD0-83F96C156D5A}.Release|x64.ActiveCfg = Release|Any CPU
		{F834AFC5-53C3-4712-9FD0-83F96C156D5A}.Release|x64.Build.0 = Release|Any CPU
		{F834AFC5-53C3-4712-9FD0-83F96C156D5A}.Release|x86.ActiveCfg = Release|Any CPU
		{F834AFC5-53C3-4712-9FD0-83F96C156D5A}.Release|x86.Build.0 = Release|Any CPU
		{43C7B7F8-7AAE-4C4B-8609-DC4C54952525}.Debug|Any CPU.ActiveCfg = Debug|Any CPU
		{43C7B7F8-7AAE-4C4B-8609-DC4C54952525}.Debug|Any CPU.Build.0 = Debug|Any CPU
		{43C7B7F8-7AAE-4C4B-8609-DC4C54952525}.Debug|x64.ActiveCfg = Debug|Any CPU
		{43C7B7F8-7AAE-4C4B-8609-DC4C54952525}.Debug|x64.Build.0 = Debug|Any CPU
		{43C7B7F8-7AAE-4C4B-8609-DC4C54952525}.Debug|x86.ActiveCfg = Debug|Any CPU
		{43C7B7F8-7AAE-4C4B-8609-DC4C54952525}.Debug|x86.Build.0 = Debug|Any CPU
		{43C7B7F8-7AAE-4C4B-8609-DC4C54952525}.Release|Any CPU.ActiveCfg = Release|Any CPU
		{43C7B7F8-7AAE-4C4B-8609-DC4C54952525}.Release|Any CPU.Build.0 = Release|Any CPU
		{43C7B7F8-7AAE-4C4B-8609-DC4C54952525}.Release|x64.ActiveCfg = Release|Any CPU
		{43C7B7F8-7AAE-4C4B-8609-DC4C54952525}.Release|x64.Build.0 = Release|Any CPU
		{43C7B7F8-7AAE-4C4B-8609-DC4C54952525}.Release|x86.ActiveCfg = Release|Any CPU
		{43C7B7F8-7AAE-4C4B-8609-DC4C54952525}.Release|x86.Build.0 = Release|Any CPU
	EndGlobalSection
EndGlobal
